PODS:
  - Alamofire (4.4.0)
  - UIImage+animatedGif (0.1.0)

DEPENDENCIES:
  - Alamofire (~> 4.4)
  - UIImage+animatedGif (~> 0.1)

SPEC CHECKSUMS:
  Alamofire: dc44b1600b800eb63da6a19039a0083d62a6a62d
  UIImage+animatedGif: 21cff7203edfb45ca0dd035505a4988cc0156356

PODFILE CHECKSUM: 8a8359379efd386bf1da9f8bae7d43819fa2f44c

COCOAPODS: 1.2.0
