// !$*UTF8*$!
{
	archiveVersion = 1;
	classes = {
	};
	objectVersion = 46;
	objects = {

/* Begin PBXBuildFile section */
		FB8A88AF1E5A7FC9003A5982 /* AppDelegate.swift in Sources */ = {isa = PBXBuildFile; fileRef = FB8A88AE1E5A7FC9003A5982 /* AppDelegate.swift */; };
		FB8A88B11E5A7FC9003A5982 /* ViewController.swift in Sources */ = {isa = PBXBuildFile; fileRef = FB8A88B01E5A7FC9003A5982 /* ViewController.swift */; };
		FB8A88B41E5A7FC9003A5982 /* Main.storyboard in Resources */ = {isa = PBXBuildFile; fileRef = FB8A88B21E5A7FC9003A5982 /* Main.storyboard */; };
		FB8A88B61E5A7FC9003A5982 /* Assets.xcassets in Resources */ = {isa = PBXBuildFile; fileRef = FB8A88B51E5A7FC9003A5982 /* Assets.xcassets */; };
		FB8A88B91E5A7FC9003A5982 /* LaunchScreen.storyboard in Resources */ = {isa = PBXBuildFile; fileRef = FB8A88B71E5A7FC9003A5982 /* LaunchScreen.storyboard */; };
		FB8A88C11E5A9361003A5982 /* Player.swift in Sources */ = {isa = PBXBuildFile; fileRef = FB8A88C01E5A9361003A5982 /* Player.swift */; };
/* End PBXBuildFile section */

/* Begin PBXFileReference section */
		FB8A88AB1E5A7FC9003A5982 /* Darts301.app */ = {isa = PBXFileReference; explicitFileType = wrapper.application; includeInIndex = 0; path = Darts301.app; sourceTree = BUILT_PRODUCTS_DIR; };
		FB8A88AE1E5A7FC9003A5982 /* AppDelegate.swift */ = {isa = PBXFileReference; lastKnownFileType = sourcecode.swift; path = AppDelegate.swift; sourceTree = "<group>"; };
		FB8A88B01E5A7FC9003A5982 /* ViewController.swift */ = {isa = PBXFileReference; lastKnownFileType = sourcecode.swift; path = ViewController.swift; sourceTree = "<group>"; };
		FB8A88B31E5A7FC9003A5982 /* Base */ = {isa = PBXFileReference; lastKnownFileType = file.storyboard; name = Base; path = Base.lproj/Main.storyboard; sourceTree = "<group>"; };
		FB8A88B51E5A7FC9003A5982 /* Assets.xcassets */ = {isa = PBXFileReference; lastKnownFileType = folder.assetcatalog; path = Assets.xcassets; sourceTree = "<group>"; };
		FB8A88B81E5A7FC9003A5982 /* Base */ = {isa = PBXFileReference; lastKnownFileType = file.storyboard; name = Base; path = Base.lproj/LaunchScreen.storyboard; sourceTree = "<group>"; };
		FB8A88BA1E5A7FC9003A5982 /* Info.plist */ = {isa = PBXFileReference; lastKnownFileType = text.plist.xml; path = Info.plist; sourceTree = "<group>"; };
		FB8A88C01E5A9361003A5982 /* Player.swift */ = {isa = PBXFileReference; fileEncoding = 4; lastKnownFileType = sourcecode.swift; path = Player.swift; sourceTree = "<group>"; };
/* End PBXFileReference section */

/* Begin PBXFrameworksBuildPhase section */
		FB8A88A81E5A7FC9003A5982 /* Frameworks */ = {
			isa = PBXFrameworksBuildPhase;
			buildActionMask = 2147483647;
			files = (
			);
			runOnlyForDeploymentPostprocessing = 0;
		};
/* End PBXFrameworksBuildPhase section */

/* Begin PBXGroup section */
		FB8A88A21E5A7FC9003A5982 = {
			isa = PBXGroup;
			children = (
				FB8A88AD1E5A7FC9003A5982 /* Darts301 */,
				FB8A88AC1E5A7FC9003A5982 /* Products */,
			);
			sourceTree = "<group>";
		};
		FB8A88AC1E5A7FC9003A5982 /* Products */ = {
			isa = PBXGroup;
			children = (
				FB8A88AB1E5A7FC9003A5982 /* Darts301.app */,
			);
			name = Products;
			sourceTree = "<group>";
		};
		FB8A88AD1E5A7FC9003A5982 /* Darts301 */ = {
			isa = PBXGroup;
			children = (
				FB8A88AE1E5A7FC9003A5982 /* AppDelegate.swift */,
				FB8A88B01E5A7FC9003A5982 /* ViewController.swift */,
				FB8A88B21E5A7FC9003A5982 /* Main.storyboard */,
				FB8A88B51E5A7FC9003A5982 /* Assets.xcassets */,
				FB8A88B71E5A7FC9003A5982 /* LaunchScreen.storyboard */,
				FB8A88BA1E5A7FC9003A5982 /* Info.plist */,
				FB8A88C01E5A9361003A5982 /* Player.swift */,
			);
			path = Darts301;
			sourceTree = "<group>";
		};
/* End PBXGroup section */

/* Begin PBXNativeTarget section */
		FB8A88AA1E5A7FC9003A5982 /* Darts301 */ = {
			isa = PBXNativeTarget;
			buildConfigurationList = FB8A88BD1E5A7FC9003A5982 /* Build configuration list for PBXNativeTarget "Darts301" */;
			buildPhases = (
				FB8A88A71E5A7FC9003A5982 /* Sources */,
				FB8A88A81E5A7FC9003A5982 /* Frameworks */,
				FB8A88A91E5A7FC9003A5982 /* Resources */,
			);
			buildRules = (
			);
			dependencies = (
			);
			name = Darts301;
			productName = Darts301;
			productReference = FB8A88AB1E5A7FC9003A5982 /* Darts301.app */;
			productType = "com.apple.product-type.application";
		};
/* End PBXNativeTarget section */

/* Begin PBXProject section */
		FB8A88A31E5A7FC9003A5982 /* Project object */ = {
			isa = PBXProject;
			attributes = {
				LastSwiftUpdateCheck = 0720;
				LastUpgradeCheck = 0820;
				ORGANIZATIONNAME = "Aly & Friends";
				TargetAttributes = {
					FB8A88AA1E5A7FC9003A5982 = {
						CreatedOnToolsVersion = 7.2.1;
						LastSwiftMigration = 0820;
					};
				};
			};
			buildConfigurationList = FB8A88A61E5A7FC9003A5982 /* Build configuration list for PBXProject "Darts301" */;
			compatibilityVersion = "Xcode 3.2";
			developmentRegion = English;
			hasScannedForEncodings = 0;
			knownRegions = (
				en,
				Base,
			);
			mainGroup = FB8A88A21E5A7FC9003A5982;
			productRefGroup = FB8A88AC1E5A7FC9003A5982 /* Products */;
			projectDirPath = "";
			projectRoot = "";
			targets = (
				FB8A88AA1E5A7FC9003A5982 /* Darts301 */,
			);
		};
/* End PBXProject section */

/* Begin PBXResourcesBuildPhase section */
		FB8A88A91E5A7FC9003A5982 /* Resources */ = {
			isa = PBXResourcesBuildPhase;
			buildActionMask = 2147483647;
			files = (
				FB8A88B91E5A7FC9003A5982 /* LaunchScreen.storyboard in Resources */,
				FB8A88B61E5A7FC9003A5982 /* Assets.xcassets in Resources */,
				FB8A88B41E5A7FC9003A5982 /* Main.storyboard in Resources */,
			);
			runOnlyForDeploymentPostprocessing = 0;
		};
/* End PBXResourcesBuildPhase section */

/* Begin PBXSourcesBuildPhase section */
		FB8A88A71E5A7FC9003A5982 /* Sources */ = {
			isa = PBXSourcesBuildPhase;
			buildActionMask = 2147483647;
			files = (
				FB8A88B11E5A7FC9003A5982 /* ViewController.swift in Sources */,
				FB8A88C11E5A9361003A5982 /* Player.swift in Sources */,
				FB8A88AF1E5A7FC9003A5982 /* AppDelegate.swift in Sources */,
			);
			runOnlyForDeploymentPostprocessing = 0;
		};
/* End PBXSourcesBuildPhase section */

/* Begin PBXVariantGroup section */
		FB8A88B21E5A7FC9003A5982 /* Main.storyboard */ = {
			isa = PBXVariantGroup;
			children = (
				FB8A88B31E5A7FC9003A5982 /* Base */,
			);
			name = Main.storyboard;
			sourceTree = "<group>";
		};
		FB8A88B71E5A7FC9003A5982 /* LaunchScreen.storyboard */ = {
			isa = PBXVariantGroup;
			children = (
				FB8A88B81E5A7FC9003A5982 /* Base */,
			);
			name = LaunchScreen.storyboard;
			sourceTree = "<group>";
		};
/* End PBXVariantGroup section */

/* Begin XCBuildConfiguration section */
		FB8A88BB1E5A7FC9003A5982 /* Debug */ = {
			isa = XCBuildConfiguration;
			buildSettings = {
				ALWAYS_SEARCH_USER_PATHS = NO;
				CLANG_CXX_LANGUAGE_STANDARD = "gnu++0x";
				CLANG_CXX_LIBRARY = "libc++";
				CLANG_ENABLE_MODULES = YES;
				CLANG_ENABLE_OBJC_ARC = YES;
				CLANG_WARN_BOOL_CONVERSION = YES;
				CLANG_WARN_CONSTANT_CONVERSION = YES;
				CLANG_WARN_DIRECT_OBJC_ISA_USAGE = YES_ERROR;
				CLANG_WARN_EMPTY_BODY = YES;
				CLANG_WARN_ENUM_CONVERSION = YES;
				CLANG_WARN_INFINITE_RECURSION = YES;
				CLANG_WARN_INT_CONVERSION = YES;
				CLANG_WARN_OBJC_ROOT_CLASS = YES_ERROR;
				CLANG_WARN_SUSPICIOUS_MOVE = YES;
				CLANG_WARN_UNREACHABLE_CODE = YES;
				CLANG_WARN__DUPLICATE_METHOD_MATCH = YES;
				"CODE_SIGN_IDENTITY[sdk=iphoneos*]" = "iPhone Developer";
				COPY_PHASE_STRIP = NO;
				DEBUG_INFORMATION_FORMAT = dwarf;
				ENABLE_STRICT_OBJC_MSGSEND = YES;
				ENABLE_TESTABILITY = YES;
				GCC_C_LANGUAGE_STANDARD = gnu99;
				GCC_DYNAMIC_NO_PIC = NO;
				GCC_NO_COMMON_BLOCKS = YES;
				GCC_OPTIMIZATION_LEVEL = 0;
				GCC_PREPROCESSOR_DEFINITIONS = (
					"DEBUG=1",
					"$(inherited)",
				);
				GCC_WARN_64_TO_32_BIT_CONVERSION = YES;
				GCC_WARN_ABOUT_RETURN_TYPE = YES_ERROR;
				GCC_WARN_UNDECLARED_SELECTOR = YES;
				GCC_WARN_UNINITIALIZED_AUTOS = YES_AGGRESSIVE;
				GCC_WARN_UNUSED_FUNCTION = YES;
				GCC_WARN_UNUSED_VARIABLE = YES;
				IPHONEOS_DEPLOYMENT_TARGET = 9.2;
				MTL_ENABLE_DEBUG_INFO = YES;
				ONLY_ACTIVE_ARCH = YES;
				SDKROOT = iphoneos;
				SWIFT_OPTIMIZATION_LEVEL = "-Onone";
				TARGETED_DEVICE_FAMILY = "1,2";
			};
			name = Debug;
		};
		FB8A88BC1E5A7FC9003A5982 /* Release */ = {
			isa = XCBuildConfiguration;
			buildSettings = {
				ALWAYS_SEARCH_USER_PATHS = NO;
				CLANG_CXX_LANGUAGE_STANDARD = "gnu++0x";
				CLANG_CXX_LIBRARY = "libc++";
				CLANG_ENABLE_MODULES = YES;
				CLANG_ENABLE_OBJC_ARC = YES;
				CLANG_WARN_BOOL_CONVERSION = YES;
				CLANG_WARN_CONSTANT_CONVERSION = YES;
				CLANG_WARN_DIRECT_OBJC_ISA_USAGE = YES_ERROR;
				CLANG_WARN_EMPTY_BODY = YES;
				CLANG_WARN_ENUM_CONVERSION = YES;
				CLANG_WARN_INFINITE_RECURSION = YES;
				CLANG_WARN_INT_CONVERSION = YES;
				CLANG_WARN_OBJC_ROOT_CLASS = YES_ERROR;
				CLANG_WARN_SUSPICIOUS_MOVE = YES;
				CLANG_WARN_UNREACHABLE_CODE = YES;
				CLANG_WARN__DUPLICATE_METHOD_MATCH = YES;
				"CODE_SIGN_IDENTITY[sdk=iphoneos*]" = "iPhone Developer";
				COPY_PHASE_STRIP = NO;
				DEBUG_INFORMATION_FORMAT = "dwarf-with-dsym";
				ENABLE_NS_ASSERTIONS = NO;
				ENABLE_STRICT_OBJC_MSGSEND = YES;
				GCC_C_LANGUAGE_STANDARD = gnu99;
				GCC_NO_COMMON_BLOCKS = YES;
				GCC_WARN_64_TO_32_BIT_CONVERSION = YES;
				GCC_WARN_ABOUT_RETURN_TYPE = YES_ERROR;
				GCC_WARN_UNDECLARED_SELECTOR = YES;
				GCC_WARN_UNINITIALIZED_AUTOS = YES_AGGRESSIVE;
				GCC_WARN_UNUSED_FUNCTION = YES;
				GCC_WARN_UNUSED_VARIABLE = YES;
				IPHONEOS_DEPLOYMENT_TARGET = 9.2;
				MTL_ENABLE_DEBUG_INFO = NO;
				SDKROOT = iphoneos;
				SWIFT_OPTIMIZATION_LEVEL = "-Owholemodule";
				TARGETED_DEVICE_FAMILY = "1,2";
				VALIDATE_PRODUCT = YES;
			};
			name = Release;
		};
		FB8A88BE1E5A7FC9003A5982 /* Debug */ = {
			isa = XCBuildConfiguration;
			buildSettings = {
				ASSETCATALOG_COMPILER_APPICON_NAME = AppIcon;
				INFOPLIST_FILE = Darts301/Info.plist;
				LD_RUNPATH_SEARCH_PATHS = "$(inherited) @executable_path/Frameworks";
				PRODUCT_BUNDLE_IDENTIFIER = com.alyweir.Darts301;
				PRODUCT_NAME = "$(TARGET_NAME)";
				SWIFT_VERSION = 3.0;
			};
			name = Debug;
		};
		FB8A88BF1E5A7FC9003A5982 /* Release */ = {
			isa = XCBuildConfiguration;
			buildSettings = {
				ASSETCATALOG_COMPILER_APPICON_NAME = AppIcon;
				INFOPLIST_FILE = Darts301/Info.plist;
				LD_RUNPATH_SEARCH_PATHS = "$(inherited) @executable_path/Frameworks";
				PRODUCT_BUNDLE_IDENTIFIER = com.alyweir.Darts301;
				PRODUCT_NAME = "$(TARGET_NAME)";
				SWIFT_VERSION = 3.0;
			};
			name = Release;
		};
/* End XCBuildConfiguration section */

/* Begin XCConfigurationList section */
		FB8A88A61E5A7FC9003A5982 /* Build configuration list for PBXProject "Darts301" */ = {
			isa = XCConfigurationList;
			buildConfigurations = (
				FB8A88BB1E5A7FC9003A5982 /* Debug */,
				FB8A88BC1E5A7FC9003A5982 /* Release */,
			);
			defaultConfigurationIsVisible = 0;
			defaultConfigurationName = Release;
		};
		FB8A88BD1E5A7FC9003A5982 /* Build configuration list for PBXNativeTarget "Darts301" */ = {
			isa = XCConfigurationList;
			buildConfigurations = (
				FB8A88BE1E5A7FC9003A5982 /* Debug */,
				FB8A88BF1E5A7FC9003A5982 /* Release */,
			);
			defaultConfigurationIsVisible = 0;
			defaultConfigurationName = Release;
		};
/* End XCConfigurationList section */
	};
	rootObject = FB8A88A31E5A7FC9003A5982 /* Project object */;
}
